// !$*UTF8*$!
{
	archiveVersion = 1;
	classes = {
	};
	objectVersion = 46;
	objects = {

/* Begin PBXBuildFile section */
		2416663717B1A04800C145AE /* DatabaseHelper.m in Sources */ = {isa = PBXBuildFile; fileRef = 2416663617B1A04800C145AE /* DatabaseHelper.m */; };
		24196EBC17BBF8310083185C /* StylesHelper.m in Sources */ = {isa = PBXBuildFile; fileRef = 24196EBB17BBF8310083185C /* StylesHelper.m */; };
		24196EC417BBFA280083185C /* navbar.png in Resources */ = {isa = PBXBuildFile; fileRef = 24196EC217BBFA280083185C /* navbar.png */; };
		24196EC517BBFA280083185C /* navbar@2x.png in Resources */ = {isa = PBXBuildFile; fileRef = 24196EC317BBFA280083185C /* navbar@2x.png */; };
		24196ECF17BBFD0C0083185C /* navbar-button.png in Resources */ = {isa = PBXBuildFile; fileRef = 24196ECB17BBFD0C0083185C /* navbar-button.png */; };
		24196ED017BBFD0C0083185C /* navbar-button@2x.png in Resources */ = {isa = PBXBuildFile; fileRef = 24196ECC17BBFD0C0083185C /* navbar-button@2x.png */; };
		24196ED717BC09A10083185C /* navbar-button-back.png in Resources */ = {isa = PBXBuildFile; fileRef = 24196ED517BC09A00083185C /* navbar-button-back.png */; };
		24196ED817BC09A10083185C /* navbar-button-back@2x.png in Resources */ = {isa = PBXBuildFile; fileRef = 24196ED617BC09A10083185C /* navbar-button-back@2x.png */; };
		24196EE517BC10C70083185C /* Lato-Bold.ttf in Resources */ = {isa = PBXBuildFile; fileRef = 24196EDC17BC10C70083185C /* Lato-Bold.ttf */; };
		24196EE617BC10C70083185C /* Lato-BoldItalic.ttf in Resources */ = {isa = PBXBuildFile; fileRef = 24196EDD17BC10C70083185C /* Lato-BoldItalic.ttf */; };
		24196EEA17BC10C70083185C /* Lato-Light.ttf in Resources */ = {isa = PBXBuildFile; fileRef = 24196EE117BC10C70083185C /* Lato-Light.ttf */; };
		24196EEB17BC10C70083185C /* Lato-LightItalic.ttf in Resources */ = {isa = PBXBuildFile; fileRef = 24196EE217BC10C70083185C /* Lato-LightItalic.ttf */; };
		24196EEE17BC14D10083185C /* tabbar.png in Resources */ = {isa = PBXBuildFile; fileRef = 24196EEC17BC14D10083185C /* tabbar.png */; };
		24196EEF17BC14D10083185C /* tabbar@2x.png in Resources */ = {isa = PBXBuildFile; fileRef = 24196EED17BC14D10083185C /* tabbar@2x.png */; };
		243D563517BC36A600522DB3 /* CategoryViewCell.m in Sources */ = {isa = PBXBuildFile; fileRef = 243D563417BC36A600522DB3 /* CategoryViewCell.m */; };
		243D563817BC371300522DB3 /* CategoryViewCell.xib in Resources */ = {isa = PBXBuildFile; fileRef = 243D563717BC371300522DB3 /* CategoryViewCell.xib */; };
		243FBC9917A82FE700825D1B /* CoreLocation.framework in Frameworks */ = {isa = PBXBuildFile; fileRef = 243FBC9817A82FE700825D1B /* CoreLocation.framework */; };
		243FBC9D17A83D1100825D1B /* location.gpx in Resources */ = {isa = PBXBuildFile; fileRef = 243FBC9C17A83D1100825D1B /* location.gpx */; };
		2440FCA8179F2C5B001FF0FB /* PlacesViewController.m in Sources */ = {isa = PBXBuildFile; fileRef = 2440FCA6179F2C5A001FF0FB /* PlacesViewController.m */; };
		2440FCA9179F2C5B001FF0FB /* PlacesViewController.xib in Resources */ = {isa = PBXBuildFile; fileRef = 2440FCA7179F2C5A001FF0FB /* PlacesViewController.xib */; };
		244DB6BA17A052F100233839 /* CoreData.framework in Frameworks */ = {isa = PBXBuildFile; fileRef = 244DB6B917A052F100233839 /* CoreData.framework */; };
		24523AF917AD528B00FAF7FA /* DetailsViewController.m in Sources */ = {isa = PBXBuildFile; fileRef = 24523AF717AD528B00FAF7FA /* DetailsViewController.m */; };
		24523AFA17AD528B00FAF7FA /* DetailsViewController.xib in Resources */ = {isa = PBXBuildFile; fileRef = 24523AF817AD528B00FAF7FA /* DetailsViewController.xib */; };
		24523AFD17AD679600FAF7FA /* place.jpg in Resources */ = {isa = PBXBuildFile; fileRef = 24523AFC17AD679600FAF7FA /* place.jpg */; };
		24523B0017AD9B2900FAF7FA /* PlaceAnnotation.m in Sources */ = {isa = PBXBuildFile; fileRef = 24523AFF17AD9B2900FAF7FA /* PlaceAnnotation.m */; };
		24523B0217ADC0EC00FAF7FA /* TODO in Resources */ = {isa = PBXBuildFile; fileRef = 24523B0117ADC0EC00FAF7FA /* TODO */; };
		2468D0B817A70195003CB08A /* data.json in Resources */ = {isa = PBXBuildFile; fileRef = 2468D0B717A70195003CB08A /* data.json */; };
		24AC8E9E17BD7F1E003584E6 /* PlaceViewCell.m in Sources */ = {isa = PBXBuildFile; fileRef = 24AC8E9D17BD7F1E003584E6 /* PlaceViewCell.m */; };
		24AC8EA017BD7F34003584E6 /* PlaceViewCell.xib in Resources */ = {isa = PBXBuildFile; fileRef = 24AC8E9F17BD7F34003584E6 /* PlaceViewCell.xib */; };
		24AC8EA317BD85D7003584E6 /* navbar-button-highlighted.png in Resources */ = {isa = PBXBuildFile; fileRef = 24AC8EA117BD85D7003584E6 /* navbar-button-highlighted.png */; };
		24AC8EA417BD85D7003584E6 /* navbar-button-highlighted@2x.png in Resources */ = {isa = PBXBuildFile; fileRef = 24AC8EA217BD85D7003584E6 /* navbar-button-highlighted@2x.png */; };
		24AC8EA717BD8918003584E6 /* navbar-button-back-highlighted.png in Resources */ = {isa = PBXBuildFile; fileRef = 24AC8EA517BD8918003584E6 /* navbar-button-back-highlighted.png */; };
		24AC8EA817BD8918003584E6 /* navbar-button-back-highlighted@2x.png in Resources */ = {isa = PBXBuildFile; fileRef = 24AC8EA617BD8918003584E6 /* navbar-button-back-highlighted@2x.png */; };
		24B0E0C317BFDC1F008ED81B /* icon-list@2x.png in Resources */ = {isa = PBXBuildFile; fileRef = 24B0E0C217BFDC1F008ED81B /* icon-list@2x.png */; };
		24B0E0C717BFDE47008ED81B /* icon-favorites@2x.png in Resources */ = {isa = PBXBuildFile; fileRef = 24B0E0C417BFDE46008ED81B /* icon-favorites@2x.png */; };
		24B0E0C817BFDE47008ED81B /* icon-info@2x.png in Resources */ = {isa = PBXBuildFile; fileRef = 24B0E0C517BFDE46008ED81B /* icon-info@2x.png */; };
		24B0E0C917BFDE47008ED81B /* icon-map@2x.png in Resources */ = {isa = PBXBuildFile; fileRef = 24B0E0C617BFDE46008ED81B /* icon-map@2x.png */; };
		24B0E0CC17C00ECD008ED81B /* tabbar-highlighted.png in Resources */ = {isa = PBXBuildFile; fileRef = 24B0E0CA17C00ECD008ED81B /* tabbar-highlighted.png */; };
		24B0E0CD17C00ECD008ED81B /* tabbar-highlighted@2x.png in Resources */ = {isa = PBXBuildFile; fileRef = 24B0E0CB17C00ECD008ED81B /* tabbar-highlighted@2x.png */; };
		24B0E0D017C024D9008ED81B /* icon-disclosure.png in Resources */ = {isa = PBXBuildFile; fileRef = 24B0E0CE17C024D9008ED81B /* icon-disclosure.png */; };
		24B0E0D117C024D9008ED81B /* icon-disclosure@2x.png in Resources */ = {isa = PBXBuildFile; fileRef = 24B0E0CF17C024D9008ED81B /* icon-disclosure@2x.png */; };
		24BBBD3E17AD2FD20036161D /* PlaceLocation.m in Sources */ = {isa = PBXBuildFile; fileRef = 24BBBD3D17AD2FD20036161D /* PlaceLocation.m */; };
		24BBBD4117AD2FD30036161D /* Category.m in Sources */ = {isa = PBXBuildFile; fileRef = 24BBBD4017AD2FD30036161D /* Category.m */; };
		24BBBD4417AD2FD30036161D /* Place.m in Sources */ = {isa = PBXBuildFile; fileRef = 24BBBD4317AD2FD30036161D /* Place.m */; };
		24CA352C17BAABF200633820 /* ParallaxImagesViewController.m in Sources */ = {isa = PBXBuildFile; fileRef = 24CA352B17BAABF200633820 /* ParallaxImagesViewController.m */; };
		24CA352F17BABC6E00633820 /* MDCParallaxView.m in Sources */ = {isa = PBXBuildFile; fileRef = 24CA352E17BABC6E00633820 /* MDCParallaxView.m */; };
		24D3F4E317A07205004759BB /* BRLN.xcdatamodeld in Sources */ = {isa = PBXBuildFile; fileRef = 24D3F4E117A07205004759BB /* BRLN.xcdatamodeld */; };
		24D8645E17B2F18F00E0AB3C /* ImportDataHelper.m in Sources */ = {isa = PBXBuildFile; fileRef = 24D8645D17B2F18F00E0AB3C /* ImportDataHelper.m */; };
		24ECE60217BF820C008674ED /* Lato-Regular.ttf in Resources */ = {isa = PBXBuildFile; fileRef = 24ECE60017BF820C008674ED /* Lato-Regular.ttf */; };
		24ECE60317BF820C008674ED /* Lato-RegularItalic.ttf in Resources */ = {isa = PBXBuildFile; fileRef = 24ECE60117BF820C008674ED /* Lato-RegularItalic.ttf */; };
		24F7BB83179DCFAF003BA61D /* UIKit.framework in Frameworks */ = {isa = PBXBuildFile; fileRef = 24F7BB82179DCFAF003BA61D /* UIKit.framework */; };
		24F7BB85179DCFAF003BA61D /* Foundation.framework in Frameworks */ = {isa = PBXBuildFile; fileRef = 24F7BB84179DCFAF003BA61D /* Foundation.framework */; };
		24F7BB87179DCFAF003BA61D /* CoreGraphics.framework in Frameworks */ = {isa = PBXBuildFile; fileRef = 24F7BB86179DCFAF003BA61D /* CoreGraphics.framework */; };
		24F7BB8D179DCFAF003BA61D /* InfoPlist.strings in Resources */ = {isa = PBXBuildFile; fileRef = 24F7BB8B179DCFAF003BA61D /* InfoPlist.strings */; };
		24F7BB8F179DCFAF003BA61D /* main.m in Sources */ = {isa = PBXBuildFile; fileRef = 24F7BB8E179DCFAF003BA61D /* main.m */; };
		24F7BB93179DCFAF003BA61D /* BRLNAppDelegate.m in Sources */ = {isa = PBXBuildFile; fileRef = 24F7BB92179DCFAF003BA61D /* BRLNAppDelegate.m */; };
		24F7BB95179DCFAF003BA61D /* Default.png in Resources */ = {isa = PBXBuildFile; fileRef = 24F7BB94179DCFAF003BA61D /* Default.png */; };
		24F7BB97179DCFAF003BA61D /* Default@2x.png in Resources */ = {isa = PBXBuildFile; fileRef = 24F7BB96179DCFAF003BA61D /* Default@2x.png */; };
		24F7BB99179DCFAF003BA61D /* Default-568h@2x.png in Resources */ = {isa = PBXBuildFile; fileRef = 24F7BB98179DCFAF003BA61D /* Default-568h@2x.png */; };
		24F7BBA4179DD10A003BA61D /* CategoriesViewController.m in Sources */ = {isa = PBXBuildFile; fileRef = 24F7BBA2179DD10A003BA61D /* CategoriesViewController.m */; };
		24F7BBA5179DD10A003BA61D /* CategoriesViewController.xib in Resources */ = {isa = PBXBuildFile; fileRef = 24F7BBA3179DD10A003BA61D /* CategoriesViewController.xib */; };
		24F7BBAB179DD235003BA61D /* MapViewController.m in Sources */ = {isa = PBXBuildFile; fileRef = 24F7BBA9179DD235003BA61D /* MapViewController.m */; };
		24F7BBAC179DD235003BA61D /* MapViewController.xib in Resources */ = {isa = PBXBuildFile; fileRef = 24F7BBAA179DD235003BA61D /* MapViewController.xib */; };
		24F7BBAE179DD27F003BA61D /* MapKit.framework in Frameworks */ = {isa = PBXBuildFile; fileRef = 24F7BBAD179DD27F003BA61D /* MapKit.framework */; };
		24F7BBB3179DD2CF003BA61D /* FavoritesViewController.m in Sources */ = {isa = PBXBuildFile; fileRef = 24F7BBB1179DD2CF003BA61D /* FavoritesViewController.m */; };
		24F7BBB4179DD2CF003BA61D /* FavoritesViewController.xib in Resources */ = {isa = PBXBuildFile; fileRef = 24F7BBB2179DD2CF003BA61D /* FavoritesViewController.xib */; };
		24F7BBB9179DD332003BA61D /* InfoViewController.m in Sources */ = {isa = PBXBuildFile; fileRef = 24F7BBB7179DD332003BA61D /* InfoViewController.m */; };
		24F7BBBA179DD332003BA61D /* InfoViewController.xib in Resources */ = {isa = PBXBuildFile; fileRef = 24F7BBB8179DD332003BA61D /* InfoViewController.xib */; };
		A364B44372114A53856F0813 /* libPods.a in Frameworks */ = {isa = PBXBuildFile; fileRef = 0D2CC949B22D4EDFA23B47BB /* libPods.a */; };
/* End PBXBuildFile section */

/* Begin PBXFileReference section */
		0D2CC949B22D4EDFA23B47BB /* libPods.a */ = {isa = PBXFileReference; explicitFileType = archive.ar; includeInIndex = 0; path = libPods.a; sourceTree = BUILT_PRODUCTS_DIR; };
		1901195A57F7412D871ED106 /* Pods.xcconfig */ = {isa = PBXFileReference; includeInIndex = 1; lastKnownFileType = text.xcconfig; name = Pods.xcconfig; path = Pods/Pods.xcconfig; sourceTree = SOURCE_ROOT; };
		2416663517B1A04800C145AE /* DatabaseHelper.h */ = {isa = PBXFileReference; fileEncoding = 4; lastKnownFileType = sourcecode.c.h; name = DatabaseHelper.h; path = BRLN/helpers/DatabaseHelper.h; sourceTree = "<group>"; };
		2416663617B1A04800C145AE /* DatabaseHelper.m */ = {isa = PBXFileReference; fileEncoding = 4; lastKnownFileType = sourcecode.c.objc; name = DatabaseHelper.m; path = BRLN/helpers/DatabaseHelper.m; sourceTree = "<group>"; };
		24196EBA17BBF8310083185C /* StylesHelper.h */ = {isa = PBXFileReference; fileEncoding = 4; lastKnownFileType = sourcecode.c.h; name = StylesHelper.h; path = BRLN/helpers/StylesHelper.h; sourceTree = "<group>"; };
		24196EBB17BBF8310083185C /* StylesHelper.m */ = {isa = PBXFileReference; fileEncoding = 4; lastKnownFileType = sourcecode.c.objc; name = StylesHelper.m; path = BRLN/helpers/StylesHelper.m; sourceTree = "<group>"; };
		24196EC217BBFA280083185C /* navbar.png */ = {isa = PBXFileReference; lastKnownFileType = image.png; name = navbar.png; path = resources/components/navbar.png; sourceTree = "<group>"; };
		24196EC317BBFA280083185C /* navbar@2x.png */ = {isa = PBXFileReference; lastKnownFileType = image.png; name = "navbar@2x.png"; path = "resources/components/navbar@2x.png"; sourceTree = "<group>"; };
		24196ECB17BBFD0C0083185C /* navbar-button.png */ = {isa = PBXFileReference; lastKnownFileType = image.png; name = "navbar-button.png"; path = "resources/components/navbar-button.png"; sourceTree = "<group>"; };
		24196ECC17BBFD0C0083185C /* navbar-button@2x.png */ = {isa = PBXFileReference; lastKnownFileType = image.png; name = "navbar-button@2x.png"; path = "resources/components/navbar-button@2x.png"; sourceTree = "<group>"; };
		24196ED517BC09A00083185C /* navbar-button-back.png */ = {isa = PBXFileReference; lastKnownFileType = image.png; name = "navbar-button-back.png"; path = "resources/components/navbar-button-back.png"; sourceTree = "<group>"; };
		24196ED617BC09A10083185C /* navbar-button-back@2x.png */ = {isa = PBXFileReference; lastKnownFileType = image.png; name = "navbar-button-back@2x.png"; path = "resources/components/navbar-button-back@2x.png"; sourceTree = "<group>"; };
		24196EDC17BC10C70083185C /* Lato-Bold.ttf */ = {isa = PBXFileReference; lastKnownFileType = file; name = "Lato-Bold.ttf"; path = "resources/fonts/Lato-Bold.ttf"; sourceTree = "<group>"; };
		24196EDD17BC10C70083185C /* Lato-BoldItalic.ttf */ = {isa = PBXFileReference; lastKnownFileType = file; name = "Lato-BoldItalic.ttf"; path = "resources/fonts/Lato-BoldItalic.ttf"; sourceTree = "<group>"; };
		24196EE117BC10C70083185C /* Lato-Light.ttf */ = {isa = PBXFileReference; lastKnownFileType = file; name = "Lato-Light.ttf"; path = "resources/fonts/Lato-Light.ttf"; sourceTree = "<group>"; };
		24196EE217BC10C70083185C /* Lato-LightItalic.ttf */ = {isa = PBXFileReference; lastKnownFileType = file; name = "Lato-LightItalic.ttf"; path = "resources/fonts/Lato-LightItalic.ttf"; sourceTree = "<group>"; };
		24196EEC17BC14D10083185C /* tabbar.png */ = {isa = PBXFileReference; lastKnownFileType = image.png; name = tabbar.png; path = resources/components/tabbar.png; sourceTree = "<group>"; };
		24196EED17BC14D10083185C /* tabbar@2x.png */ = {isa = PBXFileReference; lastKnownFileType = image.png; name = "tabbar@2x.png"; path = "resources/components/tabbar@2x.png"; sourceTree = "<group>"; };
		243D563317BC36A600522DB3 /* CategoryViewCell.h */ = {isa = PBXFileReference; fileEncoding = 4; lastKnownFileType = sourcecode.c.h; name = CategoryViewCell.h; path = BRLN/classes/CategoryViewCell.h; sourceTree = "<group>"; };
		243D563417BC36A600522DB3 /* CategoryViewCell.m */ = {isa = PBXFileReference; fileEncoding = 4; lastKnownFileType = sourcecode.c.objc; name = CategoryViewCell.m; path = BRLN/classes/CategoryViewCell.m; sourceTree = "<group>"; };
		243D563717BC371300522DB3 /* CategoryViewCell.xib */ = {isa = PBXFileReference; fileEncoding = 4; lastKnownFileType = file.xib; name = CategoryViewCell.xib; path = BRLN/classes/CategoryViewCell.xib; sourceTree = "<group>"; };
		243FBC9817A82FE700825D1B /* CoreLocation.framework */ = {isa = PBXFileReference; lastKnownFileType = wrapper.framework; name = CoreLocation.framework; path = System/Library/Frameworks/CoreLocation.framework; sourceTree = SDKROOT; };
		243FBC9C17A83D1100825D1B /* location.gpx */ = {isa = PBXFileReference; fileEncoding = 4; lastKnownFileType = text.xml; path = location.gpx; sourceTree = "<group>"; };
		2440FCA5179F2C5A001FF0FB /* PlacesViewController.h */ = {isa = PBXFileReference; fileEncoding = 4; lastKnownFileType = sourcecode.c.h; name = PlacesViewController.h; path = BRLN/controllers/PlacesViewController.h; sourceTree = "<group>"; };
		2440FCA6179F2C5A001FF0FB /* PlacesViewController.m */ = {isa = PBXFileReference; fileEncoding = 4; lastKnownFileType = sourcecode.c.objc; name = PlacesViewController.m; path = BRLN/controllers/PlacesViewController.m; sourceTree = "<group>"; };
		2440FCA7179F2C5A001FF0FB /* PlacesViewController.xib */ = {isa = PBXFileReference; fileEncoding = 4; lastKnownFileType = file.xib; name = PlacesViewController.xib; path = BRLN/controllers/PlacesViewController.xib; sourceTree = "<group>"; };
		244DB6B917A052F100233839 /* CoreData.framework */ = {isa = PBXFileReference; lastKnownFileType = wrapper.framework; name = CoreData.framework; path = System/Library/Frameworks/CoreData.framework; sourceTree = SDKROOT; };
		24523AF617AD528B00FAF7FA /* DetailsViewController.h */ = {isa = PBXFileReference; fileEncoding = 4; lastKnownFileType = sourcecode.c.h; name = DetailsViewController.h; path = BRLN/controllers/DetailsViewController.h; sourceTree = "<group>"; };
		24523AF717AD528B00FAF7FA /* DetailsViewController.m */ = {isa = PBXFileReference; fileEncoding = 4; lastKnownFileType = sourcecode.c.objc; name = DetailsViewController.m; path = BRLN/controllers/DetailsViewController.m; sourceTree = "<group>"; };
		24523AF817AD528B00FAF7FA /* DetailsViewController.xib */ = {isa = PBXFileReference; fileEncoding = 4; lastKnownFileType = file.xib; name = DetailsViewController.xib; path = BRLN/controllers/DetailsViewController.xib; sourceTree = "<group>"; };
		24523AFC17AD679600FAF7FA /* place.jpg */ = {isa = PBXFileReference; lastKnownFileType = image.jpeg; name = place.jpg; path = resources/place.jpg; sourceTree = "<group>"; };
		24523AFE17AD9B2900FAF7FA /* PlaceAnnotation.h */ = {isa = PBXFileReference; fileEncoding = 4; lastKnownFileType = sourcecode.c.h; name = PlaceAnnotation.h; path = BRLN/classes/PlaceAnnotation.h; sourceTree = "<group>"; };
		24523AFF17AD9B2900FAF7FA /* PlaceAnnotation.m */ = {isa = PBXFileReference; fileEncoding = 4; lastKnownFileType = sourcecode.c.objc; name = PlaceAnnotation.m; path = BRLN/classes/PlaceAnnotation.m; sourceTree = "<group>"; };
		24523B0117ADC0EC00FAF7FA /* TODO */ = {isa = PBXFileReference; fileEncoding = 4; lastKnownFileType = text; path = TODO; sourceTree = "<group>"; };
		2468D0B717A70195003CB08A /* data.json */ = {isa = PBXFileReference; fileEncoding = 4; lastKnownFileType = text.json; path = data.json; sourceTree = "<group>"; };
		24AC8E9C17BD7F1E003584E6 /* PlaceViewCell.h */ = {isa = PBXFileReference; fileEncoding = 4; lastKnownFileType = sourcecode.c.h; name = PlaceViewCell.h; path = BRLN/classes/PlaceViewCell.h; sourceTree = "<group>"; };
		24AC8E9D17BD7F1E003584E6 /* PlaceViewCell.m */ = {isa = PBXFileReference; fileEncoding = 4; lastKnownFileType = sourcecode.c.objc; name = PlaceViewCell.m; path = BRLN/classes/PlaceViewCell.m; sourceTree = "<group>"; };
		24AC8E9F17BD7F34003584E6 /* PlaceViewCell.xib */ = {isa = PBXFileReference; fileEncoding = 4; lastKnownFileType = file.xib; name = PlaceViewCell.xib; path = BRLN/classes/PlaceViewCell.xib; sourceTree = "<group>"; };
		24AC8EA117BD85D7003584E6 /* navbar-button-highlighted.png */ = {isa = PBXFileReference; lastKnownFileType = image.png; name = "navbar-button-highlighted.png"; path = "resources/components/navbar-button-highlighted.png"; sourceTree = "<group>"; };
		24AC8EA217BD85D7003584E6 /* navbar-button-highlighted@2x.png */ = {isa = PBXFileReference; lastKnownFileType = image.png; name = "navbar-button-highlighted@2x.png"; path = "resources/components/navbar-button-highlighted@2x.png"; sourceTree = "<group>"; };
		24AC8EA517BD8918003584E6 /* navbar-button-back-highlighted.png */ = {isa = PBXFileReference; lastKnownFileType = image.png; name = "navbar-button-back-highlighted.png"; path = "resources/components/navbar-button-back-highlighted.png"; sourceTree = "<group>"; };
		24AC8EA617BD8918003584E6 /* navbar-button-back-highlighted@2x.png */ = {isa = PBXFileReference; lastKnownFileType = image.png; name = "navbar-button-back-highlighted@2x.png"; path = "resources/components/navbar-button-back-highlighted@2x.png"; sourceTree = "<group>"; };
		24B0E0C217BFDC1F008ED81B /* icon-list@2x.png */ = {isa = PBXFileReference; lastKnownFileType = image.png; name = "icon-list@2x.png"; path = "resources/components/icon-list@2x.png"; sourceTree = "<group>"; };
		24B0E0C417BFDE46008ED81B /* icon-favorites@2x.png */ = {isa = PBXFileReference; lastKnownFileType = image.png; name = "icon-favorites@2x.png"; path = "resources/components/icon-favorites@2x.png"; sourceTree = "<group>"; };
		24B0E0C517BFDE46008ED81B /* icon-info@2x.png */ = {isa = PBXFileReference; lastKnownFileType = image.png; name = "icon-info@2x.png"; path = "resources/components/icon-info@2x.png"; sourceTree = "<group>"; };
		24B0E0C617BFDE46008ED81B /* icon-map@2x.png */ = {isa = PBXFileReference; lastKnownFileType = image.png; name = "icon-map@2x.png"; path = "resources/components/icon-map@2x.png"; sourceTree = "<group>"; };
		24B0E0CA17C00ECD008ED81B /* tabbar-highlighted.png */ = {isa = PBXFileReference; lastKnownFileType = image.png; name = "tabbar-highlighted.png"; path = "resources/components/tabbar-highlighted.png"; sourceTree = "<group>"; };
		24B0E0CB17C00ECD008ED81B /* tabbar-highlighted@2x.png */ = {isa = PBXFileReference; lastKnownFileType = image.png; name = "tabbar-highlighted@2x.png"; path = "resources/components/tabbar-highlighted@2x.png"; sourceTree = "<group>"; };
		24B0E0CE17C024D9008ED81B /* icon-disclosure.png */ = {isa = PBXFileReference; lastKnownFileType = image.png; name = "icon-disclosure.png"; path = "resources/components/icon-disclosure.png"; sourceTree = "<group>"; };
		24B0E0CF17C024D9008ED81B /* icon-disclosure@2x.png */ = {isa = PBXFileReference; lastKnownFileType = image.png; name = "icon-disclosure@2x.png"; path = "resources/components/icon-disclosure@2x.png"; sourceTree = "<group>"; };
		24BBBD3C17AD2FD20036161D /* PlaceLocation.h */ = {isa = PBXFileReference; fileEncoding = 4; lastKnownFileType = sourcecode.c.h; name = PlaceLocation.h; path = BRLN/models/PlaceLocation.h; sourceTree = "<group>"; };
		24BBBD3D17AD2FD20036161D /* PlaceLocation.m */ = {isa = PBXFileReference; fileEncoding = 4; lastKnownFileType = sourcecode.c.objc; name = PlaceLocation.m; path = BRLN/models/PlaceLocation.m; sourceTree = "<group>"; };
		24BBBD3F17AD2FD30036161D /* Category.h */ = {isa = PBXFileReference; fileEncoding = 4; lastKnownFileType = sourcecode.c.h; name = Category.h; path = BRLN/models/Category.h; sourceTree = "<group>"; };
		24BBBD4017AD2FD30036161D /* Category.m */ = {isa = PBXFileReference; fileEncoding = 4; lastKnownFileType = sourcecode.c.objc; name = Category.m; path = BRLN/models/Category.m; sourceTree = "<group>"; };
		24BBBD4217AD2FD30036161D /* Place.h */ = {isa = PBXFileReference; fileEncoding = 4; lastKnownFileType = sourcecode.c.h; name = Place.h; path = BRLN/models/Place.h; sourceTree = "<group>"; };
		24BBBD4317AD2FD30036161D /* Place.m */ = {isa = PBXFileReference; fileEncoding = 4; lastKnownFileType = sourcecode.c.objc; name = Place.m; path = BRLN/models/Place.m; sourceTree = "<group>"; };
		24CA352A17BAABF200633820 /* ParallaxImagesViewController.h */ = {isa = PBXFileReference; fileEncoding = 4; lastKnownFileType = sourcecode.c.h; name = ParallaxImagesViewController.h; path = BRLN/libs/parallaxViewController/ParallaxImagesViewController.h; sourceTree = "<group>"; };
		24CA352B17BAABF200633820 /* ParallaxImagesViewController.m */ = {isa = PBXFileReference; fileEncoding = 4; lastKnownFileType = sourcecode.c.objc; name = ParallaxImagesViewController.m; path = BRLN/libs/parallaxViewController/ParallaxImagesViewController.m; sourceTree = "<group>"; };
		24CA352D17BABC6E00633820 /* MDCParallaxView.h */ = {isa = PBXFileReference; fileEncoding = 4; lastKnownFileType = sourcecode.c.h; path = MDCParallaxView.h; sourceTree = "<group>"; };
		24CA352E17BABC6E00633820 /* MDCParallaxView.m */ = {isa = PBXFileReference; fileEncoding = 4; lastKnownFileType = sourcecode.c.objc; path = MDCParallaxView.m; sourceTree = "<group>"; };
		24D3F4E217A07205004759BB /* BRLN.xcdatamodel */ = {isa = PBXFileReference; lastKnownFileType = wrapper.xcdatamodel; path = BRLN.xcdatamodel; sourceTree = "<group>"; };
		24D8645C17B2F18F00E0AB3C /* ImportDataHelper.h */ = {isa = PBXFileReference; fileEncoding = 4; lastKnownFileType = sourcecode.c.h; name = ImportDataHelper.h; path = BRLN/helpers/ImportDataHelper.h; sourceTree = "<group>"; };
		24D8645D17B2F18F00E0AB3C /* ImportDataHelper.m */ = {isa = PBXFileReference; fileEncoding = 4; lastKnownFileType = sourcecode.c.objc; name = ImportDataHelper.m; path = BRLN/helpers/ImportDataHelper.m; sourceTree = "<group>"; };
		24ECE60017BF820C008674ED /* Lato-Regular.ttf */ = {isa = PBXFileReference; lastKnownFileType = file; name = "Lato-Regular.ttf"; path = "resources/fonts/Lato-Regular.ttf"; sourceTree = "<group>"; };
		24ECE60117BF820C008674ED /* Lato-RegularItalic.ttf */ = {isa = PBXFileReference; lastKnownFileType = file; name = "Lato-RegularItalic.ttf"; path = "resources/fonts/Lato-RegularItalic.ttf"; sourceTree = "<group>"; };
		24F7BB7F179DCFAF003BA61D /* BRLN.app */ = {isa = PBXFileReference; explicitFileType = wrapper.application; includeInIndex = 0; path = BRLN.app; sourceTree = BUILT_PRODUCTS_DIR; };
		24F7BB82179DCFAF003BA61D /* UIKit.framework */ = {isa = PBXFileReference; lastKnownFileType = wrapper.framework; name = UIKit.framework; path = System/Library/Frameworks/UIKit.framework; sourceTree = SDKROOT; };
		24F7BB84179DCFAF003BA61D /* Foundation.framework */ = {isa = PBXFileReference; lastKnownFileType = wrapper.framework; name = Foundation.framework; path = System/Library/Frameworks/Foundation.framework; sourceTree = SDKROOT; };
		24F7BB86179DCFAF003BA61D /* CoreGraphics.framework */ = {isa = PBXFileReference; lastKnownFileType = wrapper.framework; name = CoreGraphics.framework; path = System/Library/Frameworks/CoreGraphics.framework; sourceTree = SDKROOT; };
		24F7BB8A179DCFAF003BA61D /* BRLN-Info.plist */ = {isa = PBXFileReference; lastKnownFileType = text.plist.xml; path = "BRLN-Info.plist"; sourceTree = "<group>"; };
		24F7BB8C179DCFAF003BA61D /* en */ = {isa = PBXFileReference; lastKnownFileType = text.plist.strings; name = en; path = en.lproj/InfoPlist.strings; sourceTree = "<group>"; };
		24F7BB8E179DCFAF003BA61D /* main.m */ = {isa = PBXFileReference; lastKnownFileType = sourcecode.c.objc; path = main.m; sourceTree = "<group>"; };
		24F7BB90179DCFAF003BA61D /* BRLN-Prefix.pch */ = {isa = PBXFileReference; lastKnownFileType = sourcecode.c.h; path = "BRLN-Prefix.pch"; sourceTree = "<group>"; };
		24F7BB91179DCFAF003BA61D /* BRLNAppDelegate.h */ = {isa = PBXFileReference; lastKnownFileType = sourcecode.c.h; path = BRLNAppDelegate.h; sourceTree = "<group>"; };
		24F7BB92179DCFAF003BA61D /* BRLNAppDelegate.m */ = {isa = PBXFileReference; lastKnownFileType = sourcecode.c.objc; path = BRLNAppDelegate.m; sourceTree = "<group>"; };
		24F7BB94179DCFAF003BA61D /* Default.png */ = {isa = PBXFileReference; lastKnownFileType = image.png; path = Default.png; sourceTree = "<group>"; };
		24F7BB96179DCFAF003BA61D /* Default@2x.png */ = {isa = PBXFileReference; lastKnownFileType = image.png; path = "Default@2x.png"; sourceTree = "<group>"; };
		24F7BB98179DCFAF003BA61D /* Default-568h@2x.png */ = {isa = PBXFileReference; lastKnownFileType = image.png; path = "Default-568h@2x.png"; sourceTree = "<group>"; };
		24F7BBA1179DD10A003BA61D /* CategoriesViewController.h */ = {isa = PBXFileReference; fileEncoding = 4; lastKnownFileType = sourcecode.c.h; name = CategoriesViewController.h; path = BRLN/controllers/CategoriesViewController.h; sourceTree = "<group>"; };
		24F7BBA2179DD10A003BA61D /* CategoriesViewController.m */ = {isa = PBXFileReference; fileEncoding = 4; lastKnownFileType = sourcecode.c.objc; name = CategoriesViewController.m; path = BRLN/controllers/CategoriesViewController.m; sourceTree = "<group>"; };
		24F7BBA3179DD10A003BA61D /* CategoriesViewController.xib */ = {isa = PBXFileReference; fileEncoding = 4; lastKnownFileType = file.xib; name = CategoriesViewController.xib; path = BRLN/controllers/CategoriesViewController.xib; sourceTree = "<group>"; };
		24F7BBA8179DD235003BA61D /* MapViewController.h */ = {isa = PBXFileReference; fileEncoding = 4; lastKnownFileType = sourcecode.c.h; name = MapViewController.h; path = BRLN/controllers/MapViewController.h; sourceTree = "<group>"; };
		24F7BBA9179DD235003BA61D /* MapViewController.m */ = {isa = PBXFileReference; fileEncoding = 4; lastKnownFileType = sourcecode.c.objc; name = MapViewController.m; path = BRLN/controllers/MapViewController.m; sourceTree = "<group>"; };
		24F7BBAA179DD235003BA61D /* MapViewController.xib */ = {isa = PBXFileReference; fileEncoding = 4; lastKnownFileType = file.xib; name = MapViewController.xib; path = BRLN/controllers/MapViewController.xib; sourceTree = "<group>"; };
		24F7BBAD179DD27F003BA61D /* MapKit.framework */ = {isa = PBXFileReference; lastKnownFileType = wrapper.framework; name = MapKit.framework; path = System/Library/Frameworks/MapKit.framework; sourceTree = SDKROOT; };
		24F7BBB0179DD2CF003BA61D /* FavoritesViewController.h */ = {isa = PBXFileReference; fileEncoding = 4; lastKnownFileType = sourcecode.c.h; name = FavoritesViewController.h; path = BRLN/controllers/FavoritesViewController.h; sourceTree = "<group>"; };
		24F7BBB1179DD2CF003BA61D /* FavoritesViewController.m */ = {isa = PBXFileReference; fileEncoding = 4; lastKnownFileType = sourcecode.c.objc; name = FavoritesViewController.m; path = BRLN/controllers/FavoritesViewController.m; sourceTree = "<group>"; };
		24F7BBB2179DD2CF003BA61D /* FavoritesViewController.xib */ = {isa = PBXFileReference; fileEncoding = 4; lastKnownFileType = file.xib; name = FavoritesViewController.xib; path = BRLN/controllers/FavoritesViewController.xib; sourceTree = "<group>"; };
		24F7BBB6179DD332003BA61D /* InfoViewController.h */ = {isa = PBXFileReference; fileEncoding = 4; lastKnownFileType = sourcecode.c.h; name = InfoViewController.h; path = BRLN/controllers/InfoViewController.h; sourceTree = "<group>"; };
		24F7BBB7179DD332003BA61D /* InfoViewController.m */ = {isa = PBXFileReference; fileEncoding = 4; lastKnownFileType = sourcecode.c.objc; name = InfoViewController.m; path = BRLN/controllers/InfoViewController.m; sourceTree = "<group>"; };
		24F7BBB8179DD332003BA61D /* InfoViewController.xib */ = {isa = PBXFileReference; fileEncoding = 4; lastKnownFileType = file.xib; name = InfoViewController.xib; path = BRLN/controllers/InfoViewController.xib; sourceTree = "<group>"; };
/* End PBXFileReference section */

/* Begin PBXFrameworksBuildPhase section */
		24F7BB7C179DCFAF003BA61D /* Frameworks */ = {
			isa = PBXFrameworksBuildPhase;
			buildActionMask = 2147483647;
			files = (
				243FBC9917A82FE700825D1B /* CoreLocation.framework in Frameworks */,
				244DB6BA17A052F100233839 /* CoreData.framework in Frameworks */,
				24F7BBAE179DD27F003BA61D /* MapKit.framework in Frameworks */,
				24F7BB83179DCFAF003BA61D /* UIKit.framework in Frameworks */,
				24F7BB85179DCFAF003BA61D /* Foundation.framework in Frameworks */,
				24F7BB87179DCFAF003BA61D /* CoreGraphics.framework in Frameworks */,
				A364B44372114A53856F0813 /* libPods.a in Frameworks */,
			);
			runOnlyForDeploymentPostprocessing = 0;
		};
/* End PBXFrameworksBuildPhase section */

/* Begin PBXGroup section */
		2416663417B1A01800C145AE /* Helpers */ = {
			isa = PBXGroup;
			children = (
				2416663517B1A04800C145AE /* DatabaseHelper.h */,
				2416663617B1A04800C145AE /* DatabaseHelper.m */,
				24D8645C17B2F18F00E0AB3C /* ImportDataHelper.h */,
				24D8645D17B2F18F00E0AB3C /* ImportDataHelper.m */,
				24196EBA17BBF8310083185C /* StylesHelper.h */,
				24196EBB17BBF8310083185C /* StylesHelper.m */,
			);
			name = Helpers;
			sourceTree = "<group>";
		};
		24196EBD17BBF9E70083185C /* components */ = {
			isa = PBXGroup;
			children = (
				24196EC217BBFA280083185C /* navbar.png */,
				24196EC317BBFA280083185C /* navbar@2x.png */,
				24196ECB17BBFD0C0083185C /* navbar-button.png */,
				24196ECC17BBFD0C0083185C /* navbar-button@2x.png */,
				24AC8EA117BD85D7003584E6 /* navbar-button-highlighted.png */,
				24AC8EA217BD85D7003584E6 /* navbar-button-highlighted@2x.png */,
				24196ED517BC09A00083185C /* navbar-button-back.png */,
				24196ED617BC09A10083185C /* navbar-button-back@2x.png */,
				24AC8EA517BD8918003584E6 /* navbar-button-back-highlighted.png */,
				24AC8EA617BD8918003584E6 /* navbar-button-back-highlighted@2x.png */,
				24196EEC17BC14D10083185C /* tabbar.png */,
				24196EED17BC14D10083185C /* tabbar@2x.png */,
				24B0E0CA17C00ECD008ED81B /* tabbar-highlighted.png */,
				24B0E0CB17C00ECD008ED81B /* tabbar-highlighted@2x.png */,
				24B0E0C217BFDC1F008ED81B /* icon-list@2x.png */,
				24B0E0C417BFDE46008ED81B /* icon-favorites@2x.png */,
				24B0E0C517BFDE46008ED81B /* icon-info@2x.png */,
				24B0E0C617BFDE46008ED81B /* icon-map@2x.png */,
				24B0E0CE17C024D9008ED81B /* icon-disclosure.png */,
				24B0E0CF17C024D9008ED81B /* icon-disclosure@2x.png */,
			);
			name = components;
			sourceTree = "<group>";
		};
		24196ED917BC10B70083185C /* fonts */ = {
			isa = PBXGroup;
			children = (
				24196EDC17BC10C70083185C /* Lato-Bold.ttf */,
				24196EDD17BC10C70083185C /* Lato-BoldItalic.ttf */,
				24196EE117BC10C70083185C /* Lato-Light.ttf */,
				24196EE217BC10C70083185C /* Lato-LightItalic.ttf */,
				24ECE60017BF820C008674ED /* Lato-Regular.ttf */,
				24ECE60117BF820C008674ED /* Lato-RegularItalic.ttf */,
			);
			name = fonts;
			sourceTree = "<group>";
		};
		243D563617BC36BF00522DB3 /* Classes */ = {
			isa = PBXGroup;
			children = (
				243D563317BC36A600522DB3 /* CategoryViewCell.h */,
				243D563417BC36A600522DB3 /* CategoryViewCell.m */,
				243D563717BC371300522DB3 /* CategoryViewCell.xib */,
				24523AFE17AD9B2900FAF7FA /* PlaceAnnotation.h */,
				24523AFF17AD9B2900FAF7FA /* PlaceAnnotation.m */,
				24AC8E9C17BD7F1E003584E6 /* PlaceViewCell.h */,
				24AC8E9D17BD7F1E003584E6 /* PlaceViewCell.m */,
				24AC8E9F17BD7F34003584E6 /* PlaceViewCell.xib */,
			);
			name = Classes;
			sourceTree = "<group>";
		};
		2440FCAF179F32AF001FF0FB /* Details */ = {
			isa = PBXGroup;
			children = (
				24523AF617AD528B00FAF7FA /* DetailsViewController.h */,
				24523AF717AD528B00FAF7FA /* DetailsViewController.m */,
				24523AF817AD528B00FAF7FA /* DetailsViewController.xib */,
			);
			name = Details;
			sourceTree = "<group>";
		};
		24523AFB17AD677900FAF7FA /* resources */ = {
			isa = PBXGroup;
			children = (
				24196ED917BC10B70083185C /* fonts */,
				24196EBD17BBF9E70083185C /* components */,
				24523AFC17AD679600FAF7FA /* place.jpg */,
			);
			name = resources;
			sourceTree = "<group>";
		};
		24B21D7417B97B8A00E513E4 /* Libs */ = {
			isa = PBXGroup;
			children = (
				24CA352D17BABC6E00633820 /* MDCParallaxView.h */,
				24CA352E17BABC6E00633820 /* MDCParallaxView.m */,
				24CA352A17BAABF200633820 /* ParallaxImagesViewController.h */,
				24CA352B17BAABF200633820 /* ParallaxImagesViewController.m */,
			);
			name = Libs;
			sourceTree = "<group>";
		};
		24F7BB76179DCFAF003BA61D = {
			isa = PBXGroup;
			children = (
				24523B0117ADC0EC00FAF7FA /* TODO */,
				24F7BB9F179DCFC6003BA61D /* Controllers */,
				2416663417B1A01800C145AE /* Helpers */,
				24F7BBA0179DCFCD003BA61D /* Models */,
				243D563617BC36BF00522DB3 /* Classes */,
				24B21D7417B97B8A00E513E4 /* Libs */,
				24F7BB88179DCFAF003BA61D /* Main */,
				24F7BB89179DCFAF003BA61D /* Supporting Files */,
				24F7BB81179DCFAF003BA61D /* Frameworks */,
				24F7BB80179DCFAF003BA61D /* Products */,
				1901195A57F7412D871ED106 /* Pods.xcconfig */,
			);
			sourceTree = "<group>";
		};
		24F7BB80179DCFAF003BA61D /* Products */ = {
			isa = PBXGroup;
			children = (
				24F7BB7F179DCFAF003BA61D /* BRLN.app */,
			);
			name = Products;
			sourceTree = "<group>";
		};
		24F7BB81179DCFAF003BA61D /* Frameworks */ = {
			isa = PBXGroup;
			children = (
				243FBC9817A82FE700825D1B /* CoreLocation.framework */,
				244DB6B917A052F100233839 /* CoreData.framework */,
				24F7BBAD179DD27F003BA61D /* MapKit.framework */,
				24F7BB82179DCFAF003BA61D /* UIKit.framework */,
				24F7BB84179DCFAF003BA61D /* Foundation.framework */,
				24F7BB86179DCFAF003BA61D /* CoreGraphics.framework */,
				0D2CC949B22D4EDFA23B47BB /* libPods.a */,
			);
			name = Frameworks;
			sourceTree = "<group>";
		};
		24F7BB88179DCFAF003BA61D /* Main */ = {
			isa = PBXGroup;
			children = (
				24F7BB91179DCFAF003BA61D /* BRLNAppDelegate.h */,
				24F7BB92179DCFAF003BA61D /* BRLNAppDelegate.m */,
			);
			name = Main;
			path = BRLN;
			sourceTree = "<group>";
		};
		24F7BB89179DCFAF003BA61D /* Supporting Files */ = {
			isa = PBXGroup;
			children = (
				24523AFB17AD677900FAF7FA /* resources */,
				2468D0B717A70195003CB08A /* data.json */,
				243FBC9C17A83D1100825D1B /* location.gpx */,
				24F7BB8A179DCFAF003BA61D /* BRLN-Info.plist */,
				24F7BB8B179DCFAF003BA61D /* InfoPlist.strings */,
				24F7BB8E179DCFAF003BA61D /* main.m */,
				24F7BB90179DCFAF003BA61D /* BRLN-Prefix.pch */,
				24F7BB94179DCFAF003BA61D /* Default.png */,
				24F7BB96179DCFAF003BA61D /* Default@2x.png */,
				24F7BB98179DCFAF003BA61D /* Default-568h@2x.png */,
			);
			name = "Supporting Files";
			path = BRLN;
			sourceTree = "<group>";
		};
		24F7BB9F179DCFC6003BA61D /* Controllers */ = {
			isa = PBXGroup;
			children = (
				24F7BBA6179DD204003BA61D /* List */,
				24F7BBA7179DD20F003BA61D /* Map */,
				24F7BBAF179DD2B2003BA61D /* Favorites */,
				24F7BBB5179DD30C003BA61D /* Info */,
				2440FCAF179F32AF001FF0FB /* Details */,
			);
			name = Controllers;
			sourceTree = "<group>";
		};
		24F7BBA0179DCFCD003BA61D /* Models */ = {
			isa = PBXGroup;
			children = (
				24D3F4E117A07205004759BB /* BRLN.xcdatamodeld */,
				24BBBD4217AD2FD30036161D /* Place.h */,
				24BBBD4317AD2FD30036161D /* Place.m */,
				24BBBD3F17AD2FD30036161D /* Category.h */,
				24BBBD4017AD2FD30036161D /* Category.m */,
				24BBBD3C17AD2FD20036161D /* PlaceLocation.h */,
				24BBBD3D17AD2FD20036161D /* PlaceLocation.m */,
			);
			name = Models;
			sourceTree = "<group>";
		};
		24F7BBA6179DD204003BA61D /* List */ = {
			isa = PBXGroup;
			children = (
				24F7BBA1179DD10A003BA61D /* CategoriesViewController.h */,
				24F7BBA2179DD10A003BA61D /* CategoriesViewController.m */,
				24F7BBA3179DD10A003BA61D /* CategoriesViewController.xib */,
				2440FCA5179F2C5A001FF0FB /* PlacesViewController.h */,
				2440FCA6179F2C5A001FF0FB /* PlacesViewController.m */,
				2440FCA7179F2C5A001FF0FB /* PlacesViewController.xib */,
			);
			name = List;
			sourceTree = "<group>";
		};
		24F7BBA7179DD20F003BA61D /* Map */ = {
			isa = PBXGroup;
			children = (
				24F7BBA8179DD235003BA61D /* MapViewController.h */,
				24F7BBA9179DD235003BA61D /* MapViewController.m */,
				24F7BBAA179DD235003BA61D /* MapViewController.xib */,
			);
			name = Map;
			sourceTree = "<group>";
		};
		24F7BBAF179DD2B2003BA61D /* Favorites */ = {
			isa = PBXGroup;
			children = (
				24F7BBB0179DD2CF003BA61D /* FavoritesViewController.h */,
				24F7BBB1179DD2CF003BA61D /* FavoritesViewController.m */,
				24F7BBB2179DD2CF003BA61D /* FavoritesViewController.xib */,
			);
			name = Favorites;
			sourceTree = "<group>";
		};
		24F7BBB5179DD30C003BA61D /* Info */ = {
			isa = PBXGroup;
			children = (
				24F7BBB6179DD332003BA61D /* InfoViewController.h */,
				24F7BBB7179DD332003BA61D /* InfoViewController.m */,
				24F7BBB8179DD332003BA61D /* InfoViewController.xib */,
			);
			name = Info;
			sourceTree = "<group>";
		};
/* End PBXGroup section */

/* Begin PBXNativeTarget section */
		24F7BB7E179DCFAF003BA61D /* BRLN */ = {
			isa = PBXNativeTarget;
			buildConfigurationList = 24F7BB9C179DCFAF003BA61D /* Build configuration list for PBXNativeTarget "BRLN" */;
			buildPhases = (
				BBE15DF318844AEF9BBE1DA9 /* Check Pods Manifest.lock */,
				24F7BB7B179DCFAF003BA61D /* Sources */,
				24F7BB7C179DCFAF003BA61D /* Frameworks */,
				24F7BB7D179DCFAF003BA61D /* Resources */,
				07B905A4D3D44021A9C7F097 /* Copy Pods Resources */,
			);
			buildRules = (
			);
			dependencies = (
			);
			name = BRLN;
			productName = BRLN;
			productReference = 24F7BB7F179DCFAF003BA61D /* BRLN.app */;
			productType = "com.apple.product-type.application";
		};
/* End PBXNativeTarget section */

/* Begin PBXProject section */
		24F7BB77179DCFAF003BA61D /* Project object */ = {
			isa = PBXProject;
			attributes = {
				CLASSPREFIX = BRLN;
				LastUpgradeCheck = 0460;
				ORGANIZATIONNAME = home;
			};
			buildConfigurationList = 24F7BB7A179DCFAF003BA61D /* Build configuration list for PBXProject "BRLN" */;
			compatibilityVersion = "Xcode 3.2";
			developmentRegion = English;
			hasScannedForEncodings = 0;
			knownRegions = (
				en,
			);
			mainGroup = 24F7BB76179DCFAF003BA61D;
			productRefGroup = 24F7BB80179DCFAF003BA61D /* Products */;
			projectDirPath = "";
			projectRoot = "";
			targets = (
				24F7BB7E179DCFAF003BA61D /* BRLN */,
			);
		};
/* End PBXProject section */

/* Begin PBXResourcesBuildPhase section */
		24F7BB7D179DCFAF003BA61D /* Resources */ = {
			isa = PBXResourcesBuildPhase;
			buildActionMask = 2147483647;
			files = (
				24F7BB8D179DCFAF003BA61D /* InfoPlist.strings in Resources */,
				24F7BB95179DCFAF003BA61D /* Default.png in Resources */,
				24F7BB97179DCFAF003BA61D /* Default@2x.png in Resources */,
				24F7BB99179DCFAF003BA61D /* Default-568h@2x.png in Resources */,
				24F7BBA5179DD10A003BA61D /* CategoriesViewController.xib in Resources */,
				24F7BBAC179DD235003BA61D /* MapViewController.xib in Resources */,
				24F7BBB4179DD2CF003BA61D /* FavoritesViewController.xib in Resources */,
				24F7BBBA179DD332003BA61D /* InfoViewController.xib in Resources */,
				2440FCA9179F2C5B001FF0FB /* PlacesViewController.xib in Resources */,
				2468D0B817A70195003CB08A /* data.json in Resources */,
				243FBC9D17A83D1100825D1B /* location.gpx in Resources */,
				24523AFA17AD528B00FAF7FA /* DetailsViewController.xib in Resources */,
				24523AFD17AD679600FAF7FA /* place.jpg in Resources */,
				24523B0217ADC0EC00FAF7FA /* TODO in Resources */,
				24196EC417BBFA280083185C /* navbar.png in Resources */,
				24196EC517BBFA280083185C /* navbar@2x.png in Resources */,
				24196ECF17BBFD0C0083185C /* navbar-button.png in Resources */,
				24196ED017BBFD0C0083185C /* navbar-button@2x.png in Resources */,
				24196ED717BC09A10083185C /* navbar-button-back.png in Resources */,
				24196ED817BC09A10083185C /* navbar-button-back@2x.png in Resources */,
				24196EE517BC10C70083185C /* Lato-Bold.ttf in Resources */,
				24196EE617BC10C70083185C /* Lato-BoldItalic.ttf in Resources */,
				24196EEA17BC10C70083185C /* Lato-Light.ttf in Resources */,
				24196EEB17BC10C70083185C /* Lato-LightItalic.ttf in Resources */,
				24196EEE17BC14D10083185C /* tabbar.png in Resources */,
				24196EEF17BC14D10083185C /* tabbar@2x.png in Resources */,
				243D563817BC371300522DB3 /* CategoryViewCell.xib in Resources */,
				24AC8EA017BD7F34003584E6 /* PlaceViewCell.xib in Resources */,
				24AC8EA317BD85D7003584E6 /* navbar-button-highlighted.png in Resources */,
				24AC8EA417BD85D7003584E6 /* navbar-button-highlighted@2x.png in Resources */,
				24AC8EA717BD8918003584E6 /* navbar-button-back-highlighted.png in Resources */,
				24AC8EA817BD8918003584E6 /* navbar-button-back-highlighted@2x.png in Resources */,
				24ECE60217BF820C008674ED /* Lato-Regular.ttf in Resources */,
				24ECE60317BF820C008674ED /* Lato-RegularItalic.ttf in Resources */,
				24B0E0C317BFDC1F008ED81B /* icon-list@2x.png in Resources */,
				24B0E0C717BFDE47008ED81B /* icon-favorites@2x.png in Resources */,
				24B0E0C817BFDE47008ED81B /* icon-info@2x.png in Resources */,
				24B0E0C917BFDE47008ED81B /* icon-map@2x.png in Resources */,
				24B0E0CC17C00ECD008ED81B /* tabbar-highlighted.png in Resources */,
				24B0E0CD17C00ECD008ED81B /* tabbar-highlighted@2x.png in Resources */,
				24B0E0D017C024D9008ED81B /* icon-disclosure.png in Resources */,
				24B0E0D117C024D9008ED81B /* icon-disclosure@2x.png in Resources */,
			);
			runOnlyForDeploymentPostprocessing = 0;
		};
/* End PBXResourcesBuildPhase section */

/* Begin PBXShellScriptBuildPhase section */
		07B905A4D3D44021A9C7F097 /* Copy Pods Resources */ = {
			isa = PBXShellScriptBuildPhase;
			buildActionMask = 2147483647;
			files = (
			);
			inputPaths = (
			);
			name = "Copy Pods Resources";
			outputPaths = (
			);
			runOnlyForDeploymentPostprocessing = 0;
			shellPath = /bin/sh;
			shellScript = "\"${SRCROOT}/Pods/Pods-resources.sh\"\n";
			showEnvVarsInLog = 0;
		};
		BBE15DF318844AEF9BBE1DA9 /* Check Pods Manifest.lock */ = {
			isa = PBXShellScriptBuildPhase;
			buildActionMask = 2147483647;
			files = (
			);
			inputPaths = (
			);
			name = "Check Pods Manifest.lock";
			outputPaths = (
			);
			runOnlyForDeploymentPostprocessing = 0;
			shellPath = /bin/sh;
			shellScript = "diff \"${PODS_ROOT}/../Podfile.lock\" \"${PODS_ROOT}/Manifest.lock\" > /dev/null\nif [[ $? != 0 ]] ; then\n    cat << EOM\nerror: The sandbox is not in sync with the Podfile.lock. Run 'pod install' or update your CocoaPods installation.\nEOM\n    exit 1\nfi\n";
			showEnvVarsInLog = 0;
		};
/* End PBXShellScriptBuildPhase section */

/* Begin PBXSourcesBuildPhase section */
		24F7BB7B179DCFAF003BA61D /* Sources */ = {
			isa = PBXSourcesBuildPhase;
			buildActionMask = 2147483647;
			files = (
				24F7BB8F179DCFAF003BA61D /* main.m in Sources */,
				24F7BB93179DCFAF003BA61D /* BRLNAppDelegate.m in Sources */,
				24F7BBA4179DD10A003BA61D /* CategoriesViewController.m in Sources */,
				24F7BBAB179DD235003BA61D /* MapViewController.m in Sources */,
				24F7BBB3179DD2CF003BA61D /* FavoritesViewController.m in Sources */,
				24F7BBB9179DD332003BA61D /* InfoViewController.m in Sources */,
				2440FCA8179F2C5B001FF0FB /* PlacesViewController.m in Sources */,
				24D3F4E317A07205004759BB /* BRLN.xcdatamodeld in Sources */,
				24BBBD3E17AD2FD20036161D /* PlaceLocation.m in Sources */,
				24BBBD4117AD2FD30036161D /* Category.m in Sources */,
				24BBBD4417AD2FD30036161D /* Place.m in Sources */,
				24523AF917AD528B00FAF7FA /* DetailsViewController.m in Sources */,
				24523B0017AD9B2900FAF7FA /* PlaceAnnotation.m in Sources */,
				2416663717B1A04800C145AE /* DatabaseHelper.m in Sources */,
				24D8645E17B2F18F00E0AB3C /* ImportDataHelper.m in Sources */,
				24CA352C17BAABF200633820 /* ParallaxImagesViewController.m in Sources */,
				24CA352F17BABC6E00633820 /* MDCParallaxView.m in Sources */,
				24196EBC17BBF8310083185C /* StylesHelper.m in Sources */,
				243D563517BC36A600522DB3 /* CategoryViewCell.m in Sources */,
				24AC8E9E17BD7F1E003584E6 /* PlaceViewCell.m in Sources */,
			);
			runOnlyForDeploymentPostprocessing = 0;
		};
/* End PBXSourcesBuildPhase section */

/* Begin PBXVariantGroup section */
		24F7BB8B179DCFAF003BA61D /* InfoPlist.strings */ = {
			isa = PBXVariantGroup;
			children = (
				24F7BB8C179DCFAF003BA61D /* en */,
			);
			name = InfoPlist.strings;
			sourceTree = "<group>";
		};
/* End PBXVariantGroup section */

/* Begin XCBuildConfiguration section */
		24F7BB9A179DCFAF003BA61D /* Debug */ = {
			isa = XCBuildConfiguration;
			buildSettings = {
				ALWAYS_SEARCH_USER_PATHS = NO;
				CLANG_CXX_LANGUAGE_STANDARD = "gnu++0x";
				CLANG_CXX_LIBRARY = "libc++";
				CLANG_ENABLE_OBJC_ARC = YES;
				CLANG_WARN_CONSTANT_CONVERSION = YES;
				CLANG_WARN_EMPTY_BODY = YES;
				CLANG_WARN_ENUM_CONVERSION = YES;
				CLANG_WARN_INT_CONVERSION = YES;
				CLANG_WARN__DUPLICATE_METHOD_MATCH = YES;
				"CODE_SIGN_IDENTITY[sdk=iphoneos*]" = "iPhone Developer";
				COPY_PHASE_STRIP = NO;
				GCC_C_LANGUAGE_STANDARD = gnu99;
				GCC_DYNAMIC_NO_PIC = NO;
				GCC_OPTIMIZATION_LEVEL = 0;
				GCC_PREPROCESSOR_DEFINITIONS = (
					"DEBUG=1",
					"$(inherited)",
				);
				GCC_SYMBOLS_PRIVATE_EXTERN = NO;
				GCC_WARN_ABOUT_RETURN_TYPE = YES;
				GCC_WARN_UNINITIALIZED_AUTOS = YES;
				GCC_WARN_UNUSED_VARIABLE = YES;
				IPHONEOS_DEPLOYMENT_TARGET = 6.1;
				ONLY_ACTIVE_ARCH = YES;
				SDKROOT = iphoneos;
			};
			name = Debug;
		};
		24F7BB9B179DCFAF003BA61D /* Release */ = {
			isa = XCBuildConfiguration;
			buildSettings = {
				ALWAYS_SEARCH_USER_PATHS = NO;
				CLANG_CXX_LANGUAGE_STANDARD = "gnu++0x";
				CLANG_CXX_LIBRARY = "libc++";
				CLANG_ENABLE_OBJC_ARC = YES;
				CLANG_WARN_CONSTANT_CONVERSION = YES;
				CLANG_WARN_EMPTY_BODY = YES;
				CLANG_WARN_ENUM_CONVERSION = YES;
				CLANG_WARN_INT_CONVERSION = YES;
				CLANG_WARN__DUPLICATE_METHOD_MATCH = YES;
				"CODE_SIGN_IDENTITY[sdk=iphoneos*]" = "iPhone Developer";
				COPY_PHASE_STRIP = YES;
				GCC_C_LANGUAGE_STANDARD = gnu99;
				GCC_WARN_ABOUT_RETURN_TYPE = YES;
				GCC_WARN_UNINITIALIZED_AUTOS = YES;
				GCC_WARN_UNUSED_VARIABLE = YES;
				IPHONEOS_DEPLOYMENT_TARGET = 6.1;
				OTHER_CFLAGS = "-DNS_BLOCK_ASSERTIONS=1";
				SDKROOT = iphoneos;
				VALIDATE_PRODUCT = YES;
			};
			name = Release;
		};
		24F7BB9D179DCFAF003BA61D /* Debug */ = {
			isa = XCBuildConfiguration;
			baseConfigurationReference = 1901195A57F7412D871ED106 /* Pods.xcconfig */;
			buildSettings = {
				GCC_PRECOMPILE_PREFIX_HEADER = YES;
				GCC_PREFIX_HEADER = "BRLN/BRLN-Prefix.pch";
				INFOPLIST_FILE = "BRLN/BRLN-Info.plist";
				IPHONEOS_DEPLOYMENT_TARGET = 6.0;
				PRODUCT_NAME = "$(TARGET_NAME)";
				WRAPPER_EXTENSION = app;
			};
			name = Debug;
		};
		24F7BB9E179DCFAF003BA61D /* Release */ = {
			isa = XCBuildConfiguration;
			baseConfigurationReference = 1901195A57F7412D871ED106 /* Pods.xcconfig */;
			buildSettings = {
				GCC_PRECOMPILE_PREFIX_HEADER = YES;
				GCC_PREFIX_HEADER = "BRLN/BRLN-Prefix.pch";
				INFOPLIST_FILE = "BRLN/BRLN-Info.plist";
				IPHONEOS_DEPLOYMENT_TARGET = 6.0;
				PRODUCT_NAME = "$(TARGET_NAME)";
				WRAPPER_EXTENSION = app;
			};
			name = Release;
		};
/* End XCBuildConfiguration section */

/* Begin XCConfigurationList section */
		24F7BB7A179DCFAF003BA61D /* Build configuration list for PBXProject "BRLN" */ = {
			isa = XCConfigurationList;
			buildConfigurations = (
				24F7BB9A179DCFAF003BA61D /* Debug */,
				24F7BB9B179DCFAF003BA61D /* Release */,
			);
			defaultConfigurationIsVisible = 0;
			defaultConfigurationName = Release;
		};
		24F7BB9C179DCFAF003BA61D /* Build configuration list for PBXNativeTarget "BRLN" */ = {
			isa = XCConfigurationList;
			buildConfigurations = (
				24F7BB9D179DCFAF003BA61D /* Debug */,
				24F7BB9E179DCFAF003BA61D /* Release */,
			);
			defaultConfigurationIsVisible = 0;
			defaultConfigurationName = Release;
		};
/* End XCConfigurationList section */

/* Begin XCVersionGroup section */
		24D3F4E117A07205004759BB /* BRLN.xcdatamodeld */ = {
			isa = XCVersionGroup;
			children = (
				24D3F4E217A07205004759BB /* BRLN.xcdatamodel */,
			);
			currentVersion = 24D3F4E217A07205004759BB /* BRLN.xcdatamodel */;
			name = BRLN.xcdatamodeld;
			path = BRLN/models/BRLN.xcdatamodeld;
			sourceTree = "<group>";
			versionGroupType = wrapper.xcdatamodel;
		};
/* End XCVersionGroup section */
	};
	rootObject = 24F7BB77179DCFAF003BA61D /* Project object */;
}
